
Microsoft Visual Studio Solution File, Format Version 12.00
# Visual Studio Version 17
VisualStudioVersion = 17.5.33502.453
MinimumVisualStudioVersion = 10.0.40219.1
Project("{FAE04EC0-301F-11D3-BF4B-00C04F79EFBC}") = "ContrastExtensionPlugin", "ContrastExtensionPlugin\ContrastExtensionPlugin.csproj", "{A677D057-7484-4801-B2BB-A77F07601A44}"
EndProject
Global
	GlobalSection(SolutionConfigurationPlatforms) = preSolution
		Debug|Any CPU = Debug|Any CPU
		Release|Any CPU = Release|Any CPU
	EndGlobalSection
	GlobalSection(ProjectConfigurationPlatforms) = postSolution
		{A677D057-7484-4801-B2BB-A77F07601A44}.Debug|Any CPU.ActiveCfg = Debug|Any CPU
		{A677D057-7484-4801-B2BB-A77F07601A44}.Debug|Any CPU.Build.0 = Debug|Any CPU
		{A677D057-7484-4801-B2BB-A77F07601A44}.Release|Any CPU.ActiveCfg = Release|Any CPU
		{A677D057-7484-4801-B2BB-A77F07601A44}.Release|Any CPU.Build.0 = Release|Any CPU
	EndGlobalSection
	GlobalSection(SolutionProperties) = preSolution
		HideSolutionNode = FALSE
	EndGlobalSection
	GlobalSection(ExtensibilityGlobals) = postSolution
		SolutionGuid = {26263FCD-C5B2-4A61-9340-7839600B284C}
	EndGlobalSection
EndGlobal
